# THIS IS AN AUTOGENERATED FILE. DO NOT EDIT THIS FILE DIRECTLY.
# yarn lockfile v1


"@sindresorhus/is@^0.7.0":
  version "0.7.0"
  resolved "https://registry.yarnpkg.com/@sindresorhus/is/-/is-0.7.0.tgz#9a06f4f137ee84d7df0460c1fdb1135ffa6c50fd"

biskviit@1.0.1:
  version "1.0.1"
  resolved "https://registry.yarnpkg.com/biskviit/-/biskviit-1.0.1.tgz#037a0cd4b71b9e331fd90a1122de17dc49e420a7"
  dependencies:
    psl "^1.1.7"

cacheable-request@^2.1.1:
  version "2.1.4"
  resolved "https://registry.yarnpkg.com/cacheable-request/-/cacheable-request-2.1.4.tgz#0d808801b6342ad33c91df9d0b44dc09b91e5c3d"
  dependencies:
    clone-response "1.0.2"
    get-stream "3.0.0"
    http-cache-semantics "3.8.1"
    keyv "3.0.0"
    lowercase-keys "1.0.0"
    normalize-url "2.0.1"
    responselike "1.0.2"

clone-response@1.0.2:
  version "1.0.2"
  resolved "https://registry.yarnpkg.com/clone-response/-/clone-response-1.0.2.tgz#d1dc973920314df67fbeb94223b4ee350239e96b"
  dependencies:
    mimic-response "^1.0.0"

colors@^1.3.2:
  version "1.3.2"
  resolved "https://registry.yarnpkg.com/colors/-/colors-1.3.2.tgz#2df8ff573dfbf255af562f8ce7181d6b971a359b"

core-util-is@~1.0.0:
  version "1.0.2"
  resolved "https://registry.yarnpkg.com/core-util-is/-/core-util-is-1.0.2.tgz#b5fd54220aa2bc5ab57aab7140c940754503c1a7"

decode-uri-component@^0.2.0:
  version "0.2.0"
  resolved "https://registry.yarnpkg.com/decode-uri-component/-/decode-uri-component-0.2.0.tgz#eb3913333458775cb84cd1a1fae062106bb87545"

decompress-response@^3.3.0:
  version "3.3.0"
  resolved "https://registry.yarnpkg.com/decompress-response/-/decompress-response-3.3.0.tgz#80a4dd323748384bfa248083622aedec982adff3"
  dependencies:
    mimic-response "^1.0.0"

dotenv@^6.0.0:
  version "6.0.0"
  resolved "https://registry.yarnpkg.com/dotenv/-/dotenv-6.0.0.tgz#24e37c041741c5f4b25324958ebbc34bca965935"

duplexer3@^0.1.4:
  version "0.1.4"
  resolved "https://registry.yarnpkg.com/duplexer3/-/duplexer3-0.1.4.tgz#ee01dd1cac0ed3cbc7fdbea37dc0a8f1ce002ce2"

encoding@0.1.12:
  version "0.1.12"
  resolved "https://registry.yarnpkg.com/encoding/-/encoding-0.1.12.tgz#538b66f3ee62cd1ab51ec323829d1f9480c74beb"
  dependencies:
    iconv-lite "~0.4.13"

fetch@^1.1.0:
  version "1.1.0"
  resolved "https://registry.yarnpkg.com/fetch/-/fetch-1.1.0.tgz#0a8279f06be37f9f0ebb567560a30a480da59a2e"
  dependencies:
    biskviit "1.0.1"
    encoding "0.1.12"

from2@^2.1.1:
  version "2.3.0"
  resolved "https://registry.yarnpkg.com/from2/-/from2-2.3.0.tgz#8bfb5502bde4a4d36cfdeea007fcca21d7e382af"
  dependencies:
    inherits "^2.0.1"
    readable-stream "^2.0.0"

get-stream@3.0.0, get-stream@^3.0.0:
  version "3.0.0"
  resolved "https://registry.yarnpkg.com/get-stream/-/get-stream-3.0.0.tgz#8e943d1358dc37555054ecbe2edb05aa174ede14"

got@^8.3.1:
  version "8.3.2"
  resolved "https://registry.yarnpkg.com/got/-/got-8.3.2.tgz#1d23f64390e97f776cac52e5b936e5f514d2e937"
  dependencies:
    "@sindresorhus/is" "^0.7.0"
    cacheable-request "^2.1.1"
    decompress-response "^3.3.0"
    duplexer3 "^0.1.4"
    get-stream "^3.0.0"
    into-stream "^3.1.0"
    is-retry-allowed "^1.1.0"
    isurl "^1.0.0-alpha5"
    lowercase-keys "^1.0.0"
    mimic-response "^1.0.0"
    p-cancelable "^0.4.0"
    p-timeout "^2.0.1"
    pify "^3.0.0"
    safe-buffer "^5.1.1"
    timed-out "^4.0.1"
    url-parse-lax "^3.0.0"
    url-to-options "^1.0.1"

has-symbol-support-x@^1.4.1:
  version "1.4.2"
  resolved "https://registry.yarnpkg.com/has-symbol-support-x/-/has-symbol-support-x-1.4.2.tgz#1409f98bc00247da45da67cee0a36f282ff26455"

has-to-string-tag-x@^1.2.0:
  version "1.4.1"
  resolved "https://registry.yarnpkg.com/has-to-string-tag-x/-/has-to-string-tag-x-1.4.1.tgz#a045ab383d7b4b2012a00148ab0aa5f290044d4d"
  dependencies:
    has-symbol-support-x "^1.4.1"

http-cache-semantics@3.8.1:
  version "3.8.1"
  resolved "https://registry.yarnpkg.com/http-cache-semantics/-/http-cache-semantics-3.8.1.tgz#39b0e16add9b605bf0a9ef3d9daaf4843b4cacd2"

iconv-lite@~0.4.13:
  version "0.4.24"
  resolved "https://registry.yarnpkg.com/iconv-lite/-/iconv-lite-0.4.24.tgz#2022b4b25fbddc21d2f524974a474aafe733908b"
  dependencies:
    safer-buffer ">= 2.1.2 < 3"

inherits@^2.0.1, inherits@~2.0.3:
  version "2.0.3"
  resolved "https://registry.yarnpkg.com/inherits/-/inherits-2.0.3.tgz#633c2c83e3da42a502f52466022480f4208261de"

into-stream@^3.1.0:
  version "3.1.0"
  resolved "https://registry.yarnpkg.com/into-stream/-/into-stream-3.1.0.tgz#96fb0a936c12babd6ff1752a17d05616abd094c6"
  dependencies:
    from2 "^2.1.1"
    p-is-promise "^1.1.0"

is-object@^1.0.1:
  version "1.0.1"
  resolved "https://registry.yarnpkg.com/is-object/-/is-object-1.0.1.tgz#8952688c5ec2ffd6b03ecc85e769e02903083470"

is-plain-obj@^1.0.0:
  version "1.1.0"
  resolved "https://registry.yarnpkg.com/is-plain-obj/-/is-plain-obj-1.1.0.tgz#71a50c8429dfca773c92a390a4a03b39fcd51d3e"

is-retry-allowed@^1.1.0:
  version "1.1.0"
  resolved "https://registry.yarnpkg.com/is-retry-allowed/-/is-retry-allowed-1.1.0.tgz#11a060568b67339444033d0125a61a20d564fb34"

isarray@~1.0.0:
  version "1.0.0"
  resolved "https://registry.yarnpkg.com/isarray/-/isarray-1.0.0.tgz#bb935d48582cba168c06834957a54a3e07124f11"

isurl@^1.0.0-alpha5:
  version "1.0.0"
  resolved "https://registry.yarnpkg.com/isurl/-/isurl-1.0.0.tgz#b27f4f49f3cdaa3ea44a0a5b7f3462e6edc39d67"
  dependencies:
    has-to-string-tag-x "^1.2.0"
    is-object "^1.0.1"

json-buffer@3.0.0:
  version "3.0.0"
  resolved "https://registry.yarnpkg.com/json-buffer/-/json-buffer-3.0.0.tgz#5b1f397afc75d677bde8bcfc0e47e1f9a3d9a898"

keyv@3.0.0:
  version "3.0.0"
  resolved "https://registry.yarnpkg.com/keyv/-/keyv-3.0.0.tgz#44923ba39e68b12a7cec7df6c3268c031f2ef373"
  dependencies:
    json-buffer "3.0.0"

lodash@^4.17.10:
  version "4.17.10"
  resolved "https://registry.yarnpkg.com/lodash/-/lodash-4.17.10.tgz#1b7793cf7259ea38fb3661d4d38b3260af8ae4e7"

lowercase-keys@1.0.0:
  version "1.0.0"
  resolved "https://registry.yarnpkg.com/lowercase-keys/-/lowercase-keys-1.0.0.tgz#4e3366b39e7f5457e35f1324bdf6f88d0bfc7306"

lowercase-keys@^1.0.0:
  version "1.0.1"
  resolved "https://registry.yarnpkg.com/lowercase-keys/-/lowercase-keys-1.0.1.tgz#6f9e30b47084d971a7c820ff15a6c5167b74c26f"

mimic-response@^1.0.0:
  version "1.0.1"
  resolved "https://registry.yarnpkg.com/mimic-response/-/mimic-response-1.0.1.tgz#4923538878eef42063cb8a3e3b0798781487ab1b"

normalize-url@2.0.1:
  version "2.0.1"
  resolved "https://registry.yarnpkg.com/normalize-url/-/normalize-url-2.0.1.tgz#835a9da1551fa26f70e92329069a23aa6574d7e6"
  dependencies:
    prepend-http "^2.0.0"
    query-string "^5.0.1"
    sort-keys "^2.0.0"

object-assign@^4.1.0:
  version "4.1.1"
  resolved "https://registry.yarnpkg.com/object-assign/-/object-assign-4.1.1.tgz#2109adc7965887cfc05cbbd442cac8bfbb360863"

p-cancelable@^0.4.0:
  version "0.4.1"
  resolved "https://registry.yarnpkg.com/p-cancelable/-/p-cancelable-0.4.1.tgz#35f363d67d52081c8d9585e37bcceb7e0bbcb2a0"

p-finally@^1.0.0:
  version "1.0.0"
  resolved "https://registry.yarnpkg.com/p-finally/-/p-finally-1.0.0.tgz#3fbcfb15b899a44123b34b6dcc18b724336a2cae"

p-is-promise@^1.1.0:
  version "1.1.0"
  resolved "https://registry.yarnpkg.com/p-is-promise/-/p-is-promise-1.1.0.tgz#9c9456989e9f6588017b0434d56097675c3da05e"

p-timeout@^2.0.1:
  version "2.0.1"
  resolved "https://registry.yarnpkg.com/p-timeout/-/p-timeout-2.0.1.tgz#d8dd1979595d2dc0139e1fe46b8b646cb3cdf038"
  dependencies:
    p-finally "^1.0.0"

pify@^3.0.0:
  version "3.0.0"
  resolved "https://registry.yarnpkg.com/pify/-/pify-3.0.0.tgz#e5a4acd2c101fdf3d9a4d07f0dbc4db49dd28176"

prepend-http@^2.0.0:
  version "2.0.0"
  resolved "https://registry.yarnpkg.com/prepend-http/-/prepend-http-2.0.0.tgz#e92434bfa5ea8c19f41cdfd401d741a3c819d897"

process-nextick-args@~2.0.0:
  version "2.0.0"
  resolved "https://registry.yarnpkg.com/process-nextick-args/-/process-nextick-args-2.0.0.tgz#a37d732f4271b4ab1ad070d35508e8290788ffaa"

psl@^1.1.7:
  version "1.1.29"
  resolved "https://registry.yarnpkg.com/psl/-/psl-1.1.29.tgz#60f580d360170bb722a797cc704411e6da850c67"

qs@^6.5.2:
  version "6.5.2"
  resolved "https://registry.yarnpkg.com/qs/-/qs-6.5.2.tgz#cb3ae806e8740444584ef154ce8ee98d403f3e36"

query-string@^5.0.1:
  version "5.1.1"
  resolved "https://registry.yarnpkg.com/query-string/-/query-string-5.1.1.tgz#a78c012b71c17e05f2e3fa2319dd330682efb3cb"
  dependencies:
    decode-uri-component "^0.2.0"
    object-assign "^4.1.0"
    strict-uri-encode "^1.0.0"

readable-stream@^2.0.0:
  version "2.3.6"
  resolved "https://registry.yarnpkg.com/readable-stream/-/readable-stream-2.3.6.tgz#b11c27d88b8ff1fbe070643cf94b0c79ae1b0aaf"
  dependencies:
    core-util-is "~1.0.0"
    inherits "~2.0.3"
    isarray "~1.0.0"
    process-nextick-args "~2.0.0"
    safe-buffer "~5.1.1"
    string_decoder "~1.1.1"
    util-deprecate "~1.0.1"

responselike@1.0.2:
  version "1.0.2"
  resolved "https://registry.yarnpkg.com/responselike/-/responselike-1.0.2.tgz#918720ef3b631c5642be068f15ade5a46f4ba1e7"
  dependencies:
    lowercase-keys "^1.0.0"

safe-buffer@^5.1.1, safe-buffer@~5.1.0, safe-buffer@~5.1.1:
  version "5.1.2"
  resolved "https://registry.yarnpkg.com/safe-buffer/-/safe-buffer-5.1.2.tgz#991ec69d296e0313747d59bdfd2b745c35f8828d"

"safer-buffer@>= 2.1.2 < 3":
  version "2.1.2"
  resolved "https://registry.yarnpkg.com/safer-buffer/-/safer-buffer-2.1.2.tgz#44fa161b0187b9549dd84bb91802f9bd8385cd6a"

shopify-api-node@^2.15.0:
  version "2.15.0"
  resolved "https://registry.yarnpkg.com/shopify-api-node/-/shopify-api-node-2.15.0.tgz#21367c271a6187121604494c721794fdf87ce0c2"
  dependencies:
    got "^8.3.1"
    lodash "^4.17.10"
    qs "^6.5.2"
    stopcock "^1.0.0"

sort-keys@^2.0.0:
  version "2.0.0"
  resolved "https://registry.yarnpkg.com/sort-keys/-/sort-keys-2.0.0.tgz#658535584861ec97d730d6cf41822e1f56684128"
  dependencies:
    is-plain-obj "^1.0.0"

stopcock@^1.0.0:
  version "1.0.0"
  resolved "https://registry.yarnpkg.com/stopcock/-/stopcock-1.0.0.tgz#3149af13e0938f0190e8185e181c4a9ae18c9ce5"

strict-uri-encode@^1.0.0:
  version "1.1.0"
  resolved "https://registry.yarnpkg.com/strict-uri-encode/-/strict-uri-encode-1.1.0.tgz#279b225df1d582b1f54e65addd4352e18faa0713"

string_decoder@~1.1.1:
  version "1.1.1"
  resolved "https://registry.yarnpkg.com/string_decoder/-/string_decoder-1.1.1.tgz#9cf1611ba62685d7030ae9e4ba34149c3af03fc8"
  dependencies:
    safe-buffer "~5.1.0"

timed-out@^4.0.1:
  version "4.0.1"
  resolved "https://registry.yarnpkg.com/timed-out/-/timed-out-4.0.1.tgz#f32eacac5a175bea25d7fab565ab3ed8741ef56f"

url-parse-lax@^3.0.0:
  version "3.0.0"
  resolved "https://registry.yarnpkg.com/url-parse-lax/-/url-parse-lax-3.0.0.tgz#16b5cafc07dbe3676c1b1999177823d6503acb0c"
  dependencies:
    prepend-http "^2.0.0"

url-to-options@^1.0.1:
  version "1.0.1"
  resolved "https://registry.yarnpkg.com/url-to-options/-/url-to-options-1.0.1.tgz#1505a03a289a48cbd7a434efbaeec5055f5633a9"

util-deprecate@~1.0.1:
  version "1.0.2"
  resolved "https://registry.yarnpkg.com/util-deprecate/-/util-deprecate-1.0.2.tgz#450d4dc9fa70de732762fbd2d4a28981419a0ccf"
